
Microsoft Visual Studio Solution File, Format Version 12.00
# Visual Studio Version 17
VisualStudioVersion = 17.0.31815.197
MinimumVisualStudioVersion = 10.0.40219.1
Project("{FAE04EC0-301F-11D3-BF4B-00C04F79EFBC}") = "AdventOfCode", "AdventOfCode\AdventOfCode.csproj", "{D1C2BBF1-9459-471F-8008-514250B8BCCF}"
EndProject
Project("{FAE04EC0-301F-11D3-BF4B-00C04F79EFBC}") = "AdventOfCode1", "AdventOfCode1\AdventOfCode1.csproj", "{B080494E-9D26-477E-B0E7-187F3E7425C6}"
EndProject
Project("{FAE04EC0-301F-11D3-BF4B-00C04F79EFBC}") = "AdventOfCode2", "AdventOfCode2\AdventOfCode2.csproj", "{6F847913-04DF-410F-94B5-50C17C4A5D0C}"
EndProject
Global
	GlobalSection(SolutionConfigurationPlatforms) = preSolution
		Debug|Any CPU = Debug|Any CPU
		Release|Any CPU = Release|Any CPU
	EndGlobalSection
	GlobalSection(ProjectConfigurationPlatforms) = postSolution
		{D1C2BBF1-9459-471F-8008-514250B8BCCF}.Debug|Any CPU.ActiveCfg = Debug|Any CPU
		{D1C2BBF1-9459-471F-8008-514250B8BCCF}.Debug|Any CPU.Build.0 = Debug|Any CPU
		{D1C2BBF1-9459-471F-8008-514250B8BCCF}.Release|Any CPU.ActiveCfg = Release|Any CPU
		{D1C2BBF1-9459-471F-8008-514250B8BCCF}.Release|Any CPU.Build.0 = Release|Any CPU
		{B080494E-9D26-477E-B0E7-187F3E7425C6}.Debug|Any CPU.ActiveCfg = Debug|Any CPU
		{B080494E-9D26-477E-B0E7-187F3E7425C6}.Debug|Any CPU.Build.0 = Debug|Any CPU
		{B080494E-9D26-477E-B0E7-187F3E7425C6}.Release|Any CPU.ActiveCfg = Release|Any CPU
		{B080494E-9D26-477E-B0E7-187F3E7425C6}.Release|Any CPU.Build.0 = Release|Any CPU
		{6F847913-04DF-410F-94B5-50C17C4A5D0C}.Debug|Any CPU.ActiveCfg = Debug|Any CPU
		{6F847913-04DF-410F-94B5-50C17C4A5D0C}.Debug|Any CPU.Build.0 = Debug|Any CPU
		{6F847913-04DF-410F-94B5-50C17C4A5D0C}.Release|Any CPU.ActiveCfg = Release|Any CPU
		{6F847913-04DF-410F-94B5-50C17C4A5D0C}.Release|Any CPU.Build.0 = Release|Any CPU
	EndGlobalSection
	GlobalSection(SolutionProperties) = preSolution
		HideSolutionNode = FALSE
	EndGlobalSection
	GlobalSection(ExtensibilityGlobals) = postSolution
		SolutionGuid = {6840CCB9-8E7D-45CB-BFFD-65B09D8A0B35}
	EndGlobalSection
EndGlobal
